// !$*UTF8*$!
{
	archiveVersion = 1;
	classes = {
	};
	objectVersion = 54;
	objects = {

/* Begin PBXBuildFile section */
		0C80B921A6F3F58F76C31292 /* libPods-zippyTrainer.a in Frameworks */ = {isa = PBXBuildFile; fileRef = 5DCACB8F33CDC322A6C60F78 /* libPods-zippyTrainer.a */; };
		13B07FBF1A68108700A75B9A /* Images.xcassets in Resources */ = {isa = PBXBuildFile; fileRef = 13B07FB51A68108700A75B9A /* Images.xcassets */; };
		18A02C823216EB045C6933A4 /* PrivacyInfo.xcprivacy in Resources */ = {isa = PBXBuildFile; fileRef = 13B07FB81A68108700A75B9A /* PrivacyInfo.xcprivacy */; };
		761780ED2CA45674006654EE /* AppDelegate.swift in Sources */ = {isa = PBXBuildFile; fileRef = 761780EC2CA45674006654EE /* AppDelegate.swift */; };
		81AB9BB82411601600AC10FF /* LaunchScreen.storyboard in Resources */ = {isa = PBXBuildFile; fileRef = 81AB9BB72411601600AC10FF /* LaunchScreen.storyboard */; };
		037D96EFD58C478CA8AACF29 /* GTUltra-Black.otf in Resources */ = {isa = PBXBuildFile; fileRef = F9845E733DF641DCA603AAD2 /* GTUltra-Black.otf */; };
		6D7595AE5A234B9684B770E5 /* GTUltra-BlackItalic.otf in Resources */ = {isa = PBXBuildFile; fileRef = AE84C82558E54EA2B4A05A69 /* GTUltra-BlackItalic.otf */; };
		6FA421D7F013400EAC610907 /* GTUltra-Bold.otf in Resources */ = {isa = PBXBuildFile; fileRef = C25D8C9BAC764725AE594A45 /* GTUltra-Bold.otf */; };
		45ECB7D3C30D445995352DB7 /* GTUltra-BoldItalic.otf in Resources */ = {isa = PBXBuildFile; fileRef = 14486684B9A34815A25AD21E /* GTUltra-BoldItalic.otf */; };
		FF7ACA64885B4DD1BF925092 /* GTUltra-Light.otf in Resources */ = {isa = PBXBuildFile; fileRef = AD4F77B7E45248F095227CF9 /* GTUltra-Light.otf */; };
		2AEE43D8F48147C0A0DCA2AC /* GTUltra-LightItalic.otf in Resources */ = {isa = PBXBuildFile; fileRef = A858029E6C634683AB9395F0 /* GTUltra-LightItalic.otf */; };
		34FB9837856E4E1989861E21 /* GTUltra-Regular.otf in Resources */ = {isa = PBXBuildFile; fileRef = 3862987B60B744E0B47C7375 /* GTUltra-Regular.otf */; };
		5CEF2B07C67747BC8F740648 /* GTUltra-RegularItalic.otf in Resources */ = {isa = PBXBuildFile; fileRef = 7AA0D46D8F064BA7A9DBAF79 /* GTUltra-RegularItalic.otf */; };
		AC2A675786F44E0BB80201B7 /* GTUltra-Thin.otf in Resources */ = {isa = PBXBuildFile; fileRef = 489522BAF8354350B0FAEBEE /* GTUltra-Thin.otf */; };
		A0BA49E6C5FA488E8EE65408 /* GTUltra-ThinItalic.otf in Resources */ = {isa = PBXBuildFile; fileRef = A7EACDFBFA0A4F98BAFA6E9D /* GTUltra-ThinItalic.otf */; };
		81CB85CC031540AA9DCA1658 /* GTUltra-Ultra.otf in Resources */ = {isa = PBXBuildFile; fileRef = DEFBB8C9513E435187389666 /* GTUltra-Ultra.otf */; };
		3136868496FD4579A1C04870 /* GTUltraFine-Black.otf in Resources */ = {isa = PBXBuildFile; fileRef = 9B7318F9284642ECBFBB1E15 /* GTUltraFine-Black.otf */; };
		E27B7A14D57D4286A13F4034 /* GTUltraFine-BlackItalic.otf in Resources */ = {isa = PBXBuildFile; fileRef = 09FE2BCF87FA46EE9E50F687 /* GTUltraFine-BlackItalic.otf */; };
		D0460201747B44CD8A133F39 /* GTUltraFine-Bold.otf in Resources */ = {isa = PBXBuildFile; fileRef = 6126C54353334E159A316AB1 /* GTUltraFine-Bold.otf */; };
		C581F3059F54425F9D983CEC /* GTUltraFine-BoldItalic.otf in Resources */ = {isa = PBXBuildFile; fileRef = 5400DB710F794374B489636A /* GTUltraFine-BoldItalic.otf */; };
		B59144794FEA430CAE62D8B6 /* GTUltraFine-Light.otf in Resources */ = {isa = PBXBuildFile; fileRef = 3803CC1A20C445088BE552BE /* GTUltraFine-Light.otf */; };
		1F4D59AE007B49F399242E06 /* GTUltraFine-LightItalic.otf in Resources */ = {isa = PBXBuildFile; fileRef = 2FD25D0543C94E85A6D08EDA /* GTUltraFine-LightItalic.otf */; };
		4B53B1AC82D64404B23BB928 /* GTUltraFine-Regular.otf in Resources */ = {isa = PBXBuildFile; fileRef = C2488384779547A4BC34456F /* GTUltraFine-Regular.otf */; };
		B829B11A5407427DAE591386 /* GTUltraFine-RegularItalic.otf in Resources */ = {isa = PBXBuildFile; fileRef = 9423F2784F5E456990A2F40D /* GTUltraFine-RegularItalic.otf */; };
		86494EB82133410383B4A901 /* GTUltraFine-Thin.otf in Resources */ = {isa = PBXBuildFile; fileRef = A9D853A179E044CAA8C5C555 /* GTUltraFine-Thin.otf */; };
/* End PBXBuildFile section */

/* Begin PBXFileReference section */
		13B07F961A680F5B00A75B9A /* zippyTrainer.app */ = {isa = PBXFileReference; explicitFileType = wrapper.application; includeInIndex = 0; path = zippyTrainer.app; sourceTree = BUILT_PRODUCTS_DIR; };
		13B07FB51A68108700A75B9A /* Images.xcassets */ = {isa = PBXFileReference; lastKnownFileType = folder.assetcatalog; name = Images.xcassets; path = zippyTrainer/Images.xcassets; sourceTree = "<group>"; };
		13B07FB61A68108700A75B9A /* Info.plist */ = {isa = PBXFileReference; fileEncoding = 4; lastKnownFileType = text.plist.xml; name = Info.plist; path = zippyTrainer/Info.plist; sourceTree = "<group>"; };
		13B07FB81A68108700A75B9A /* PrivacyInfo.xcprivacy */ = {isa = PBXFileReference; fileEncoding = 4; lastKnownFileType = text.plist.xml; name = PrivacyInfo.xcprivacy; path = zippyTrainer/PrivacyInfo.xcprivacy; sourceTree = "<group>"; };
		3B4392A12AC88292D35C810B /* Pods-zippyTrainer.debug.xcconfig */ = {isa = PBXFileReference; includeInIndex = 1; lastKnownFileType = text.xcconfig; name = "Pods-zippyTrainer.debug.xcconfig"; path = "Target Support Files/Pods-zippyTrainer/Pods-zippyTrainer.debug.xcconfig"; sourceTree = "<group>"; };
		5709B34CF0A7D63546082F79 /* Pods-zippyTrainer.release.xcconfig */ = {isa = PBXFileReference; includeInIndex = 1; lastKnownFileType = text.xcconfig; name = "Pods-zippyTrainer.release.xcconfig"; path = "Target Support Files/Pods-zippyTrainer/Pods-zippyTrainer.release.xcconfig"; sourceTree = "<group>"; };
		5DCACB8F33CDC322A6C60F78 /* libPods-zippyTrainer.a */ = {isa = PBXFileReference; explicitFileType = archive.ar; includeInIndex = 0; path = "libPods-zippyTrainer.a"; sourceTree = BUILT_PRODUCTS_DIR; };
		761780EC2CA45674006654EE /* AppDelegate.swift */ = {isa = PBXFileReference; lastKnownFileType = sourcecode.swift; name = AppDelegate.swift; path = zippyTrainer/AppDelegate.swift; sourceTree = "<group>"; };
		81AB9BB72411601600AC10FF /* LaunchScreen.storyboard */ = {isa = PBXFileReference; fileEncoding = 4; lastKnownFileType = file.storyboard; name = LaunchScreen.storyboard; path = zippyTrainer/LaunchScreen.storyboard; sourceTree = "<group>"; };
		ED297162215061F000B7C4FE /* JavaScriptCore.framework */ = {isa = PBXFileReference; lastKnownFileType = wrapper.framework; name = JavaScriptCore.framework; path = System/Library/Frameworks/JavaScriptCore.framework; sourceTree = SDKROOT; };
		F9845E733DF641DCA603AAD2 /* GTUltra-Black.otf */ = {isa = PBXFileReference; name = "GTUltra-Black.otf"; path = "../assets/fonts/GTUltra-Black.otf"; sourceTree = "<group>"; fileEncoding = undefined; lastKnownFileType = unknown; explicitFileType = undefined; includeInIndex = 0; };
		AE84C82558E54EA2B4A05A69 /* GTUltra-BlackItalic.otf */ = {isa = PBXFileReference; name = "GTUltra-BlackItalic.otf"; path = "../assets/fonts/GTUltra-BlackItalic.otf"; sourceTree = "<group>"; fileEncoding = undefined; lastKnownFileType = unknown; explicitFileType = undefined; includeInIndex = 0; };
		C25D8C9BAC764725AE594A45 /* GTUltra-Bold.otf */ = {isa = PBXFileReference; name = "GTUltra-Bold.otf"; path = "../assets/fonts/GTUltra-Bold.otf"; sourceTree = "<group>"; fileEncoding = undefined; lastKnownFileType = unknown; explicitFileType = undefined; includeInIndex = 0; };
		14486684B9A34815A25AD21E /* GTUltra-BoldItalic.otf */ = {isa = PBXFileReference; name = "GTUltra-BoldItalic.otf"; path = "../assets/fonts/GTUltra-BoldItalic.otf"; sourceTree = "<group>"; fileEncoding = undefined; lastKnownFileType = unknown; explicitFileType = undefined; includeInIndex = 0; };
		AD4F77B7E45248F095227CF9 /* GTUltra-Light.otf */ = {isa = PBXFileReference; name = "GTUltra-Light.otf"; path = "../assets/fonts/GTUltra-Light.otf"; sourceTree = "<group>"; fileEncoding = undefined; lastKnownFileType = unknown; explicitFileType = undefined; includeInIndex = 0; };
		A858029E6C634683AB9395F0 /* GTUltra-LightItalic.otf */ = {isa = PBXFileReference; name = "GTUltra-LightItalic.otf"; path = "../assets/fonts/GTUltra-LightItalic.otf"; sourceTree = "<group>"; fileEncoding = undefined; lastKnownFileType = unknown; explicitFileType = undefined; includeInIndex = 0; };
		3862987B60B744E0B47C7375 /* GTUltra-Regular.otf */ = {isa = PBXFileReference; name = "GTUltra-Regular.otf"; path = "../assets/fonts/GTUltra-Regular.otf"; sourceTree = "<group>"; fileEncoding = undefined; lastKnownFileType = unknown; explicitFileType = undefined; includeInIndex = 0; };
		7AA0D46D8F064BA7A9DBAF79 /* GTUltra-RegularItalic.otf */ = {isa = PBXFileReference; name = "GTUltra-RegularItalic.otf"; path = "../assets/fonts/GTUltra-RegularItalic.otf"; sourceTree = "<group>"; fileEncoding = undefined; lastKnownFileType = unknown; explicitFileType = undefined; includeInIndex = 0; };
		489522BAF8354350B0FAEBEE /* GTUltra-Thin.otf */ = {isa = PBXFileReference; name = "GTUltra-Thin.otf"; path = "../assets/fonts/GTUltra-Thin.otf"; sourceTree = "<group>"; fileEncoding = undefined; lastKnownFileType = unknown; explicitFileType = undefined; includeInIndex = 0; };
		A7EACDFBFA0A4F98BAFA6E9D /* GTUltra-ThinItalic.otf */ = {isa = PBXFileReference; name = "GTUltra-ThinItalic.otf"; path = "../assets/fonts/GTUltra-ThinItalic.otf"; sourceTree = "<group>"; fileEncoding = undefined; lastKnownFileType = unknown; explicitFileType = undefined; includeInIndex = 0; };
		DEFBB8C9513E435187389666 /* GTUltra-Ultra.otf */ = {isa = PBXFileReference; name = "GTUltra-Ultra.otf"; path = "../assets/fonts/GTUltra-Ultra.otf"; sourceTree = "<group>"; fileEncoding = undefined; lastKnownFileType = unknown; explicitFileType = undefined; includeInIndex = 0; };
		9B7318F9284642ECBFBB1E15 /* GTUltraFine-Black.otf */ = {isa = PBXFileReference; name = "GTUltraFine-Black.otf"; path = "../assets/fonts/GTUltraFine-Black.otf"; sourceTree = "<group>"; fileEncoding = undefined; lastKnownFileType = unknown; explicitFileType = undefined; includeInIndex = 0; };
		09FE2BCF87FA46EE9E50F687 /* GTUltraFine-BlackItalic.otf */ = {isa = PBXFileReference; name = "GTUltraFine-BlackItalic.otf"; path = "../assets/fonts/GTUltraFine-BlackItalic.otf"; sourceTree = "<group>"; fileEncoding = undefined; lastKnownFileType = unknown; explicitFileType = undefined; includeInIndex = 0; };
		6126C54353334E159A316AB1 /* GTUltraFine-Bold.otf */ = {isa = PBXFileReference; name = "GTUltraFine-Bold.otf"; path = "../assets/fonts/GTUltraFine-Bold.otf"; sourceTree = "<group>"; fileEncoding = undefined; lastKnownFileType = unknown; explicitFileType = undefined; includeInIndex = 0; };
		5400DB710F794374B489636A /* GTUltraFine-BoldItalic.otf */ = {isa = PBXFileReference; name = "GTUltraFine-BoldItalic.otf"; path = "../assets/fonts/GTUltraFine-BoldItalic.otf"; sourceTree = "<group>"; fileEncoding = undefined; lastKnownFileType = unknown; explicitFileType = undefined; includeInIndex = 0; };
		3803CC1A20C445088BE552BE /* GTUltraFine-Light.otf */ = {isa = PBXFileReference; name = "GTUltraFine-Light.otf"; path = "../assets/fonts/GTUltraFine-Light.otf"; sourceTree = "<group>"; fileEncoding = undefined; lastKnownFileType = unknown; explicitFileType = undefined; includeInIndex = 0; };
		2FD25D0543C94E85A6D08EDA /* GTUltraFine-LightItalic.otf */ = {isa = PBXFileReference; name = "GTUltraFine-LightItalic.otf"; path = "../assets/fonts/GTUltraFine-LightItalic.otf"; sourceTree = "<group>"; fileEncoding = undefined; lastKnownFileType = unknown; explicitFileType = undefined; includeInIndex = 0; };
		C2488384779547A4BC34456F /* GTUltraFine-Regular.otf */ = {isa = PBXFileReference; name = "GTUltraFine-Regular.otf"; path = "../assets/fonts/GTUltraFine-Regular.otf"; sourceTree = "<group>"; fileEncoding = undefined; lastKnownFileType = unknown; explicitFileType = undefined; includeInIndex = 0; };
		9423F2784F5E456990A2F40D /* GTUltraFine-RegularItalic.otf */ = {isa = PBXFileReference; name = "GTUltraFine-RegularItalic.otf"; path = "../assets/fonts/GTUltraFine-RegularItalic.otf"; sourceTree = "<group>"; fileEncoding = undefined; lastKnownFileType = unknown; explicitFileType = undefined; includeInIndex = 0; };
		A9D853A179E044CAA8C5C555 /* GTUltraFine-Thin.otf */ = {isa = PBXFileReference; name = "GTUltraFine-Thin.otf"; path = "../assets/fonts/GTUltraFine-Thin.otf"; sourceTree = "<group>"; fileEncoding = undefined; lastKnownFileType = unknown; explicitFileType = undefined; includeInIndex = 0; };
/* End PBXFileReference section */

/* Begin PBXFrameworksBuildPhase section */
		13B07F8C1A680F5B00A75B9A /* Frameworks */ = {
			isa = PBXFrameworksBuildPhase;
			buildActionMask = 2147483647;
			files = (
				0C80B921A6F3F58F76C31292 /* libPods-zippyTrainer.a in Frameworks */,
			);
			runOnlyForDeploymentPostprocessing = 0;
		};
/* End PBXFrameworksBuildPhase section */

/* Begin PBXGroup section */
		13B07FAE1A68108700A75B9A /* zippyTrainer */ = {
			isa = PBXGroup;
			children = (
				13B07FB51A68108700A75B9A /* Images.xcassets */,
				761780EC2CA45674006654EE /* AppDelegate.swift */,
				13B07FB61A68108700A75B9A /* Info.plist */,
				81AB9BB72411601600AC10FF /* LaunchScreen.storyboard */,
				13B07FB81A68108700A75B9A /* PrivacyInfo.xcprivacy */,
			);
			name = zippyTrainer;
			sourceTree = "<group>";
		};
		2D16E6871FA4F8E400B85C8A /* Frameworks */ = {
			isa = PBXGroup;
			children = (
				ED297162215061F000B7C4FE /* JavaScriptCore.framework */,
				5DCACB8F33CDC322A6C60F78 /* libPods-zippyTrainer.a */,
			);
			name = Frameworks;
			sourceTree = "<group>";
		};
		832341AE1AAA6A7D00B99B32 /* Libraries */ = {
			isa = PBXGroup;
			children = (
			);
			name = Libraries;
			sourceTree = "<group>";
		};
		83CBB9F61A601CBA00E9B192 = {
			isa = PBXGroup;
			children = (
				13B07FAE1A68108700A75B9A /* zippyTrainer */,
				832341AE1AAA6A7D00B99B32 /* Libraries */,
				83CBBA001A601CBA00E9B192 /* Products */,
				2D16E6871FA4F8E400B85C8A /* Frameworks */,
				BBD78D7AC51CEA395F1C20DB /* Pods */,
				D4E9CDDA7D6D44CD9BCCCF02 /* Resources */,
			);
			indentWidth = 2;
			sourceTree = "<group>";
			tabWidth = 2;
			usesTabs = 0;
		};
		83CBBA001A601CBA00E9B192 /* Products */ = {
			isa = PBXGroup;
			children = (
				13B07F961A680F5B00A75B9A /* zippyTrainer.app */,
			);
			name = Products;
			sourceTree = "<group>";
		};
		BBD78D7AC51CEA395F1C20DB /* Pods */ = {
			isa = PBXGroup;
			children = (
				3B4392A12AC88292D35C810B /* Pods-zippyTrainer.debug.xcconfig */,
				5709B34CF0A7D63546082F79 /* Pods-zippyTrainer.release.xcconfig */,
			);
			path = Pods;
			sourceTree = "<group>";
		};
		D4E9CDDA7D6D44CD9BCCCF02 /* Resources */ = {
			isa = "PBXGroup";
			children = (
				F9845E733DF641DCA603AAD2 /* GTUltra-Black.otf */,
				AE84C82558E54EA2B4A05A69 /* GTUltra-BlackItalic.otf */,
				C25D8C9BAC764725AE594A45 /* GTUltra-Bold.otf */,
				14486684B9A34815A25AD21E /* GTUltra-BoldItalic.otf */,
				AD4F77B7E45248F095227CF9 /* GTUltra-Light.otf */,
				A858029E6C634683AB9395F0 /* GTUltra-LightItalic.otf */,
				3862987B60B744E0B47C7375 /* GTUltra-Regular.otf */,
				7AA0D46D8F064BA7A9DBAF79 /* GTUltra-RegularItalic.otf */,
				489522BAF8354350B0FAEBEE /* GTUltra-Thin.otf */,
				A7EACDFBFA0A4F98BAFA6E9D /* GTUltra-ThinItalic.otf */,
				DEFBB8C9513E435187389666 /* GTUltra-Ultra.otf */,
				9B7318F9284642ECBFBB1E15 /* GTUltraFine-Black.otf */,
				09FE2BCF87FA46EE9E50F687 /* GTUltraFine-BlackItalic.otf */,
				6126C54353334E159A316AB1 /* GTUltraFine-Bold.otf */,
				5400DB710F794374B489636A /* GTUltraFine-BoldItalic.otf */,
				3803CC1A20C445088BE552BE /* GTUltraFine-Light.otf */,
				2FD25D0543C94E85A6D08EDA /* GTUltraFine-LightItalic.otf */,
				C2488384779547A4BC34456F /* GTUltraFine-Regular.otf */,
				9423F2784F5E456990A2F40D /* GTUltraFine-RegularItalic.otf */,
				A9D853A179E044CAA8C5C555 /* GTUltraFine-Thin.otf */,
			);
			name = Resources;
			sourceTree = "<group>";
			path = "";
		};
/* End PBXGroup section */

/* Begin PBXNativeTarget section */
		13B07F861A680F5B00A75B9A /* zippyTrainer */ = {
			isa = PBXNativeTarget;
			buildConfigurationList = 13B07F931A680F5B00A75B9A /* Build configuration list for PBXNativeTarget "zippyTrainer" */;
			buildPhases = (
				C38B50BA6285516D6DCD4F65 /* [CP] Check Pods Manifest.lock */,
				13B07F871A680F5B00A75B9A /* Sources */,
				13B07F8C1A680F5B00A75B9A /* Frameworks */,
				13B07F8E1A680F5B00A75B9A /* Resources */,
				00DD1BFF1BD5951E006B06BC /* Bundle React Native code and images */,
				00EEFC60759A1932668264C0 /* [CP] Embed Pods Frameworks */,
				E235C05ADACE081382539298 /* [CP] Copy Pods Resources */,
			);
			buildRules = (
			);
			dependencies = (
			);
			name = zippyTrainer;
			productName = zippyTrainer;
			productReference = 13B07F961A680F5B00A75B9A /* zippyTrainer.app */;
			productType = "com.apple.product-type.application";
		};
/* End PBXNativeTarget section */

/* Begin PBXProject section */
		83CBB9F71A601CBA00E9B192 /* Project object */ = {
			isa = PBXProject;
			attributes = {
				LastUpgradeCheck = 1210;
				TargetAttributes = {
					13B07F861A680F5B00A75B9A = {
						LastSwiftMigration = 1120;
					};
				};
			};
			buildConfigurationList = 83CBB9FA1A601CBA00E9B192 /* Build configuration list for PBXProject "zippyTrainer" */;
			compatibilityVersion = "Xcode 12.0";
			developmentRegion = en;
			hasScannedForEncodings = 0;
			knownRegions = (
				en,
				Base,
			);
			mainGroup = 83CBB9F61A601CBA00E9B192;
			productRefGroup = 83CBBA001A601CBA00E9B192 /* Products */;
			projectDirPath = "";
			projectRoot = "";
			targets = (
				13B07F861A680F5B00A75B9A /* zippyTrainer */,
			);
		};
/* End PBXProject section */

/* Begin PBXResourcesBuildPhase section */
		13B07F8E1A680F5B00A75B9A /* Resources */ = {
			isa = PBXResourcesBuildPhase;
			buildActionMask = 2147483647;
			files = (
				81AB9BB82411601600AC10FF /* LaunchScreen.storyboard in Resources */,
				13B07FBF1A68108700A75B9A /* Images.xcassets in Resources */,
				18A02C823216EB045C6933A4 /* PrivacyInfo.xcprivacy in Resources */,
				037D96EFD58C478CA8AACF29 /* GTUltra-Black.otf in Resources */,
				6D7595AE5A234B9684B770E5 /* GTUltra-BlackItalic.otf in Resources */,
				6FA421D7F013400EAC610907 /* GTUltra-Bold.otf in Resources */,
				45ECB7D3C30D445995352DB7 /* GTUltra-BoldItalic.otf in Resources */,
				FF7ACA64885B4DD1BF925092 /* GTUltra-Light.otf in Resources */,
				2AEE43D8F48147C0A0DCA2AC /* GTUltra-LightItalic.otf in Resources */,
				34FB9837856E4E1989861E21 /* GTUltra-Regular.otf in Resources */,
				5CEF2B07C67747BC8F740648 /* GTUltra-RegularItalic.otf in Resources */,
				AC2A675786F44E0BB80201B7 /* GTUltra-Thin.otf in Resources */,
				A0BA49E6C5FA488E8EE65408 /* GTUltra-ThinItalic.otf in Resources */,
				81CB85CC031540AA9DCA1658 /* GTUltra-Ultra.otf in Resources */,
				3136868496FD4579A1C04870 /* GTUltraFine-Black.otf in Resources */,
				E27B7A14D57D4286A13F4034 /* GTUltraFine-BlackItalic.otf in Resources */,
				D0460201747B44CD8A133F39 /* GTUltraFine-Bold.otf in Resources */,
				C581F3059F54425F9D983CEC /* GTUltraFine-BoldItalic.otf in Resources */,
				B59144794FEA430CAE62D8B6 /* GTUltraFine-Light.otf in Resources */,
				1F4D59AE007B49F399242E06 /* GTUltraFine-LightItalic.otf in Resources */,
				4B53B1AC82D64404B23BB928 /* GTUltraFine-Regular.otf in Resources */,
				B829B11A5407427DAE591386 /* GTUltraFine-RegularItalic.otf in Resources */,
				86494EB82133410383B4A901 /* GTUltraFine-Thin.otf in Resources */,
			);
			runOnlyForDeploymentPostprocessing = 0;
		};
/* End PBXResourcesBuildPhase section */

/* Begin PBXShellScriptBuildPhase section */
		00DD1BFF1BD5951E006B06BC /* Bundle React Native code and images */ = {
			isa = PBXShellScriptBuildPhase;
			buildActionMask = 2147483647;
			files = (
			);
			inputPaths = (
				"$(SRCROOT)/.xcode.env.local",
				"$(SRCROOT)/.xcode.env",
			);
			name = "Bundle React Native code and images";
			outputPaths = (
			);
			runOnlyForDeploymentPostprocessing = 0;
			shellPath = /bin/sh;
			shellScript = "set -e\n\nWITH_ENVIRONMENT=\"$REACT_NATIVE_PATH/scripts/xcode/with-environment.sh\"\nREACT_NATIVE_XCODE=\"$REACT_NATIVE_PATH/scripts/react-native-xcode.sh\"\n\n/bin/sh -c \"\\\"$WITH_ENVIRONMENT\\\" \\\"$REACT_NATIVE_XCODE\\\"\"\n";
		};
		00EEFC60759A1932668264C0 /* [CP] Embed Pods Frameworks */ = {
			isa = PBXShellScriptBuildPhase;
			buildActionMask = 2147483647;
			files = (
			);
			inputFileListPaths = (
				"${PODS_ROOT}/Target Support Files/Pods-zippyTrainer/Pods-zippyTrainer-frameworks-${CONFIGURATION}-input-files.xcfilelist",
			);
			name = "[CP] Embed Pods Frameworks";
			outputFileListPaths = (
				"${PODS_ROOT}/Target Support Files/Pods-zippyTrainer/Pods-zippyTrainer-frameworks-${CONFIGURATION}-output-files.xcfilelist",
			);
			runOnlyForDeploymentPostprocessing = 0;
			shellPath = /bin/sh;
			shellScript = "\"${PODS_ROOT}/Target Support Files/Pods-zippyTrainer/Pods-zippyTrainer-frameworks.sh\"\n";
			showEnvVarsInLog = 0;
		};
		C38B50BA6285516D6DCD4F65 /* [CP] Check Pods Manifest.lock */ = {
			isa = PBXShellScriptBuildPhase;
			buildActionMask = 2147483647;
			files = (
			);
			inputFileListPaths = (
			);
			inputPaths = (
				"${PODS_PODFILE_DIR_PATH}/Podfile.lock",
				"${PODS_ROOT}/Manifest.lock",
			);
			name = "[CP] Check Pods Manifest.lock";
			outputFileListPaths = (
			);
			outputPaths = (
				"$(DERIVED_FILE_DIR)/Pods-zippyTrainer-checkManifestLockResult.txt",
			);
			runOnlyForDeploymentPostprocessing = 0;
			shellPath = /bin/sh;
			shellScript = "diff \"${PODS_PODFILE_DIR_PATH}/Podfile.lock\" \"${PODS_ROOT}/Manifest.lock\" > /dev/null\nif [ $? != 0 ] ; then\n    # print error to STDERR\n    echo \"error: The sandbox is not in sync with the Podfile.lock. Run 'pod install' or update your CocoaPods installation.\" >&2\n    exit 1\nfi\n# This output is used by Xcode 'outputs' to avoid re-running this script phase.\necho \"SUCCESS\" > \"${SCRIPT_OUTPUT_FILE_0}\"\n";
			showEnvVarsInLog = 0;
		};
		E235C05ADACE081382539298 /* [CP] Copy Pods Resources */ = {
			isa = PBXShellScriptBuildPhase;
			buildActionMask = 2147483647;
			files = (
			);
			inputFileListPaths = (
				"${PODS_ROOT}/Target Support Files/Pods-zippyTrainer/Pods-zippyTrainer-resources-${CONFIGURATION}-input-files.xcfilelist",
			);
			name = "[CP] Copy Pods Resources";
			outputFileListPaths = (
				"${PODS_ROOT}/Target Support Files/Pods-zippyTrainer/Pods-zippyTrainer-resources-${CONFIGURATION}-output-files.xcfilelist",
			);
			runOnlyForDeploymentPostprocessing = 0;
			shellPath = /bin/sh;
			shellScript = "\"${PODS_ROOT}/Target Support Files/Pods-zippyTrainer/Pods-zippyTrainer-resources.sh\"\n";
			showEnvVarsInLog = 0;
		};
/* End PBXShellScriptBuildPhase section */

/* Begin PBXSourcesBuildPhase section */
		13B07F871A680F5B00A75B9A /* Sources */ = {
			isa = PBXSourcesBuildPhase;
			buildActionMask = 2147483647;
			files = (
				761780ED2CA45674006654EE /* AppDelegate.swift in Sources */,
			);
			runOnlyForDeploymentPostprocessing = 0;
		};
/* End PBXSourcesBuildPhase section */

/* Begin XCBuildConfiguration section */
		13B07F941A680F5B00A75B9A /* Debug */ = {
			isa = XCBuildConfiguration;
			baseConfigurationReference = 3B4392A12AC88292D35C810B /* Pods-zippyTrainer.debug.xcconfig */;
			buildSettings = {
				ASSETCATALOG_COMPILER_APPICON_NAME = AppIcon;
				CLANG_ENABLE_MODULES = YES;
				CURRENT_PROJECT_VERSION = 1;
				ENABLE_BITCODE = NO;
				INFOPLIST_FILE = zippyTrainer/Info.plist;
				IPHONEOS_DEPLOYMENT_TARGET = 15.1;
				LD_RUNPATH_SEARCH_PATHS = (
					"$(inherited)",
					"@executable_path/Frameworks",
				);
				MARKETING_VERSION = 1.0;
				OTHER_LDFLAGS = (
					"$(inherited)",
					"-ObjC",
					"-lc++",
				);
				PRODUCT_BUNDLE_IDENTIFIER = "org.reactjs.native.example.$(PRODUCT_NAME:rfc1034identifier)";
				PRODUCT_NAME = zippyTrainer;
				SUPPORTED_PLATFORMS = "iphoneos iphonesimulator";
				SWIFT_OPTIMIZATION_LEVEL = "-Onone";
				SWIFT_VERSION = 5.0;
				TARGETED_DEVICE_FAMILY = "1,2";
				VERSIONING_SYSTEM = "apple-generic";
			};
			name = Debug;
		};
		13B07F951A680F5B00A75B9A /* Release */ = {
			isa = XCBuildConfiguration;
			baseConfigurationReference = 5709B34CF0A7D63546082F79 /* Pods-zippyTrainer.release.xcconfig */;
			buildSettings = {
				ASSETCATALOG_COMPILER_APPICON_NAME = AppIcon;
				CLANG_ENABLE_MODULES = YES;
				CURRENT_PROJECT_VERSION = 1;
				INFOPLIST_FILE = zippyTrainer/Info.plist;
				IPHONEOS_DEPLOYMENT_TARGET = 15.1;
				LD_RUNPATH_SEARCH_PATHS = (
					"$(inherited)",
					"@executable_path/Frameworks",
				);
				MARKETING_VERSION = 1.0;
				OTHER_LDFLAGS = (
					"$(inherited)",
					"-ObjC",
					"-lc++",
				);
				PRODUCT_BUNDLE_IDENTIFIER = "org.reactjs.native.example.$(PRODUCT_NAME:rfc1034identifier)";
				PRODUCT_NAME = zippyTrainer;
				SUPPORTED_PLATFORMS = "iphoneos iphonesimulator";
				SWIFT_VERSION = 5.0;
				TARGETED_DEVICE_FAMILY = "1,2";
				VERSIONING_SYSTEM = "apple-generic";
			};
			name = Release;
		};
		83CBBA201A601CBA00E9B192 /* Debug */ = {
			isa = XCBuildConfiguration;
			buildSettings = {
				ALWAYS_SEARCH_USER_PATHS = NO;
				CLANG_ANALYZER_LOCALIZABILITY_NONLOCALIZED = YES;
				CLANG_CXX_LANGUAGE_STANDARD = "c++20";
				CLANG_CXX_LIBRARY = "libc++";
				CLANG_ENABLE_MODULES = YES;
				CLANG_ENABLE_OBJC_ARC = YES;
				CLANG_WARN_BLOCK_CAPTURE_AUTORELEASING = YES;
				CLANG_WARN_BOOL_CONVERSION = YES;
				CLANG_WARN_COMMA = YES;
				CLANG_WARN_CONSTANT_CONVERSION = YES;
				CLANG_WARN_DEPRECATED_OBJC_IMPLEMENTATIONS = YES;
				CLANG_WARN_DIRECT_OBJC_ISA_USAGE = YES_ERROR;
				CLANG_WARN_EMPTY_BODY = YES;
				CLANG_WARN_ENUM_CONVERSION = YES;
				CLANG_WARN_INFINITE_RECURSION = YES;
				CLANG_WARN_INT_CONVERSION = YES;
				CLANG_WARN_NON_LITERAL_NULL_CONVERSION = YES;
				CLANG_WARN_OBJC_IMPLICIT_RETAIN_SELF = YES;
				CLANG_WARN_OBJC_LITERAL_CONVERSION = YES;
				CLANG_WARN_OBJC_ROOT_CLASS = YES_ERROR;
				CLANG_WARN_QUOTED_INCLUDE_IN_FRAMEWORK_HEADER = YES;
				CLANG_WARN_RANGE_LOOP_ANALYSIS = YES;
				CLANG_WARN_STRICT_PROTOTYPES = YES;
				CLANG_WARN_SUSPICIOUS_MOVE = YES;
				CLANG_WARN_UNREACHABLE_CODE = YES;
				CLANG_WARN__DUPLICATE_METHOD_MATCH = YES;
				"CODE_SIGN_IDENTITY[sdk=iphoneos*]" = "iPhone Developer";
				COPY_PHASE_STRIP = NO;
				ENABLE_STRICT_OBJC_MSGSEND = YES;
				ENABLE_TESTABILITY = YES;
				"EXCLUDED_ARCHS[sdk=iphonesimulator*]" = "";
				GCC_C_LANGUAGE_STANDARD = gnu99;
				GCC_DYNAMIC_NO_PIC = NO;
				GCC_NO_COMMON_BLOCKS = YES;
				GCC_OPTIMIZATION_LEVEL = 0;
				GCC_PREPROCESSOR_DEFINITIONS = (
					"DEBUG=1",
					"$(inherited)",
				);
				GCC_SYMBOLS_PRIVATE_EXTERN = NO;
				GCC_WARN_64_TO_32_BIT_CONVERSION = YES;
				GCC_WARN_ABOUT_RETURN_TYPE = YES_ERROR;
				GCC_WARN_UNDECLARED_SELECTOR = YES;
				GCC_WARN_UNINITIALIZED_AUTOS = YES_AGGRESSIVE;
				GCC_WARN_UNUSED_FUNCTION = YES;
				GCC_WARN_UNUSED_VARIABLE = YES;
				IPHONEOS_DEPLOYMENT_TARGET = 15.1;
				LD_RUNPATH_SEARCH_PATHS = (
					/usr/lib/swift,
					"$(inherited)",
				);
				LIBRARY_SEARCH_PATHS = (
					"\"$(SDKROOT)/usr/lib/swift\"",
					"\"$(TOOLCHAIN_DIR)/usr/lib/swift/$(PLATFORM_NAME)\"",
					"\"$(inherited)\"",
				);
				MTL_ENABLE_DEBUG_INFO = YES;
				ONLY_ACTIVE_ARCH = YES;
				OTHER_CFLAGS = (
					"$(inherited)",
					"-DRCT_REMOVE_LEGACY_ARCH=1",
				);
				OTHER_CPLUSPLUSFLAGS = (
					"$(OTHER_CFLAGS)",
					"-DFOLLY_NO_CONFIG",
					"-DFOLLY_MOBILE=1",
					"-DFOLLY_USE_LIBCPP=1",
					"-DFOLLY_CFG_NO_COROUTINES=1",
					"-DFOLLY_HAVE_CLOCK_GETTIME=1",
					"-DRCT_REMOVE_LEGACY_ARCH=1",
				);
				REACT_NATIVE_PATH = "${PODS_ROOT}/../../node_modules/react-native";
				SDKROOT = iphoneos;
				SWIFT_ACTIVE_COMPILATION_CONDITIONS = "$(inherited) DEBUG";
				SWIFT_ENABLE_EXPLICIT_MODULES = NO;
				USE_HERMES = true;
			};
			name = Debug;
		};
		83CBBA211A601CBA00E9B192 /* Release */ = {
			isa = XCBuildConfiguration;
			buildSettings = {
				ALWAYS_SEARCH_USER_PATHS = NO;
				CLANG_ANALYZER_LOCALIZABILITY_NONLOCALIZED = YES;
				CLANG_CXX_LANGUAGE_STANDARD = "c++20";
				CLANG_CXX_LIBRARY = "libc++";
				CLANG_ENABLE_MODULES = YES;
				CLANG_ENABLE_OBJC_ARC = YES;
				CLANG_WARN_BLOCK_CAPTURE_AUTORELEASING = YES;
				CLANG_WARN_BOOL_CONVERSION = YES;
				CLANG_WARN_COMMA = YES;
				CLANG_WARN_CONSTANT_CONVERSION = YES;
				CLANG_WARN_DEPRECATED_OBJC_IMPLEMENTATIONS = YES;
				CLANG_WARN_DIRECT_OBJC_ISA_USAGE = YES_ERROR;
				CLANG_WARN_EMPTY_BODY = YES;
				CLANG_WARN_ENUM_CONVERSION = YES;
				CLANG_WARN_INFINITE_RECURSION = YES;
				CLANG_WARN_INT_CONVERSION = YES;
				CLANG_WARN_NON_LITERAL_NULL_CONVERSION = YES;
				CLANG_WARN_OBJC_IMPLICIT_RETAIN_SELF = YES;
				CLANG_WARN_OBJC_LITERAL_CONVERSION = YES;
				CLANG_WARN_OBJC_ROOT_CLASS = YES_ERROR;
				CLANG_WARN_QUOTED_INCLUDE_IN_FRAMEWORK_HEADER = YES;
				CLANG_WARN_RANGE_LOOP_ANALYSIS = YES;
				CLANG_WARN_STRICT_PROTOTYPES = YES;
				CLANG_WARN_SUSPICIOUS_MOVE = YES;
				CLANG_WARN_UNREACHABLE_CODE = YES;
				CLANG_WARN__DUPLICATE_METHOD_MATCH = YES;
				"CODE_SIGN_IDENTITY[sdk=iphoneos*]" = "iPhone Developer";
				COPY_PHASE_STRIP = YES;
				ENABLE_NS_ASSERTIONS = NO;
				ENABLE_STRICT_OBJC_MSGSEND = YES;
				"EXCLUDED_ARCHS[sdk=iphonesimulator*]" = "";
				GCC_C_LANGUAGE_STANDARD = gnu99;
				GCC_NO_COMMON_BLOCKS = YES;
				GCC_WARN_64_TO_32_BIT_CONVERSION = YES;
				GCC_WARN_ABOUT_RETURN_TYPE = YES_ERROR;
				GCC_WARN_UNDECLARED_SELECTOR = YES;
				GCC_WARN_UNINITIALIZED_AUTOS = YES_AGGRESSIVE;
				GCC_WARN_UNUSED_FUNCTION = YES;
				GCC_WARN_UNUSED_VARIABLE = YES;
				IPHONEOS_DEPLOYMENT_TARGET = 15.1;
				LD_RUNPATH_SEARCH_PATHS = (
					/usr/lib/swift,
					"$(inherited)",
				);
				LIBRARY_SEARCH_PATHS = (
					"\"$(SDKROOT)/usr/lib/swift\"",
					"\"$(TOOLCHAIN_DIR)/usr/lib/swift/$(PLATFORM_NAME)\"",
					"\"$(inherited)\"",
				);
				MTL_ENABLE_DEBUG_INFO = NO;
				OTHER_CFLAGS = (
					"$(inherited)",
					"-DRCT_REMOVE_LEGACY_ARCH=1",
				);
				OTHER_CPLUSPLUSFLAGS = (
					"$(OTHER_CFLAGS)",
					"-DFOLLY_NO_CONFIG",
					"-DFOLLY_MOBILE=1",
					"-DFOLLY_USE_LIBCPP=1",
					"-DFOLLY_CFG_NO_COROUTINES=1",
					"-DFOLLY_HAVE_CLOCK_GETTIME=1",
					"-DRCT_REMOVE_LEGACY_ARCH=1",
				);
				REACT_NATIVE_PATH = "${PODS_ROOT}/../../node_modules/react-native";
				SDKROOT = iphoneos;
				SWIFT_ENABLE_EXPLICIT_MODULES = NO;
				USE_HERMES = true;
				VALIDATE_PRODUCT = YES;
			};
			name = Release;
		};
/* End XCBuildConfiguration section */

/* Begin XCConfigurationList section */
		13B07F931A680F5B00A75B9A /* Build configuration list for PBXNativeTarget "zippyTrainer" */ = {
			isa = XCConfigurationList;
			buildConfigurations = (
				13B07F941A680F5B00A75B9A /* Debug */,
				13B07F951A680F5B00A75B9A /* Release */,
			);
			defaultConfigurationIsVisible = 0;
			defaultConfigurationName = Release;
		};
		83CBB9FA1A601CBA00E9B192 /* Build configuration list for PBXProject "zippyTrainer" */ = {
			isa = XCConfigurationList;
			buildConfigurations = (
				83CBBA201A601CBA00E9B192 /* Debug */,
				83CBBA211A601CBA00E9B192 /* Release */,
			);
			defaultConfigurationIsVisible = 0;
			defaultConfigurationName = Release;
		};
/* End XCConfigurationList section */
	};
	rootObject = 83CBB9F71A601CBA00E9B192 /* Project object */;
}
